
Microsoft Visual Studio Solution File, Format Version 12.00
# Visual Studio 15
VisualStudioVersion = 15.0.27428.2037
MinimumVisualStudioVersion = 10.0.40219.1
Project("{FAE04EC0-301F-11D3-BF4B-00C04F79EFBC}") = "NDDigital.Component.Core", "NDDigital.Component.Core\NDDigital.Component.Core.csproj", "{66780EB9-B3CE-44B2-A6B0-5384A13AA6B4}"
EndProject
Global
	GlobalSection(SolutionConfigurationPlatforms) = preSolution
		Debug|Any CPU = Debug|Any CPU
		Release|Any CPU = Release|Any CPU
	EndGlobalSection
	GlobalSection(ProjectConfigurationPlatforms) = postSolution
		{66780EB9-B3CE-44B2-A6B0-5384A13AA6B4}.Debug|Any CPU.ActiveCfg = Debug|Any CPU
		{66780EB9-B3CE-44B2-A6B0-5384A13AA6B4}.Debug|Any CPU.Build.0 = Debug|Any CPU
		{66780EB9-B3CE-44B2-A6B0-5384A13AA6B4}.Release|Any CPU.ActiveCfg = Release|Any CPU
		{66780EB9-B3CE-44B2-A6B0-5384A13AA6B4}.Release|Any CPU.Build.0 = Release|Any CPU
	EndGlobalSection
	GlobalSection(SolutionProperties) = preSolution
		HideSolutionNode = FALSE
	EndGlobalSection
	GlobalSection(ExtensibilityGlobals) = postSolution
		SolutionGuid = {963F69D8-152C-44E7-8142-341CE70D5ACB}
	EndGlobalSection
EndGlobal
